
Microsoft Visual Studio Solution File, Format Version 12.00
# Visual Studio Version 17
VisualStudioVersion = 17.3.32929.385
MinimumVisualStudioVersion = 10.0.40219.1
Project("{9A19103F-16F7-4668-BE54-9A1E7A4F7556}") = "Workshop", "Workshop\Workshop.csproj", "{409CAA5B-5391-4BA3-B0FA-DFFBB3BBADF9}"
EndProject
Project("{9A19103F-16F7-4668-BE54-9A1E7A4F7556}") = "WorkshopDB", "WorkshopDB\WorkshopDB.csproj", "{7152E4F9-5085-4DA3-9CCA-CC24796576D3}"
EndProject
Project("{9A19103F-16F7-4668-BE54-9A1E7A4F7556}") = "WorkshopModels", "WorkshopModels\WorkshopModels.csproj", "{593DA122-40F4-470A-9EAC-D6D714349B4F}"
EndProject
Global
	GlobalSection(SolutionConfigurationPlatforms) = preSolution
		Debug|Any CPU = Debug|Any CPU
		Release|Any CPU = Release|Any CPU
	EndGlobalSection
	GlobalSection(ProjectConfigurationPlatforms) = postSolution
		{409CAA5B-5391-4BA3-B0FA-DFFBB3BBADF9}.Debug|Any CPU.ActiveCfg = Debug|Any CPU
		{409CAA5B-5391-4BA3-B0FA-DFFBB3BBADF9}.Debug|Any CPU.Build.0 = Debug|Any CPU
		{409CAA5B-5391-4BA3-B0FA-DFFBB3BBADF9}.Release|Any CPU.ActiveCfg = Release|Any CPU
		{409CAA5B-5391-4BA3-B0FA-DFFBB3BBADF9}.Release|Any CPU.Build.0 = Release|Any CPU
		{7152E4F9-5085-4DA3-9CCA-CC24796576D3}.Debug|Any CPU.ActiveCfg = Debug|Any CPU
		{7152E4F9-5085-4DA3-9CCA-CC24796576D3}.Debug|Any CPU.Build.0 = Debug|Any CPU
		{7152E4F9-5085-4DA3-9CCA-CC24796576D3}.Release|Any CPU.ActiveCfg = Release|Any CPU
		{7152E4F9-5085-4DA3-9CCA-CC24796576D3}.Release|Any CPU.Build.0 = Release|Any CPU
		{593DA122-40F4-470A-9EAC-D6D714349B4F}.Debug|Any CPU.ActiveCfg = Debug|Any CPU
		{593DA122-40F4-470A-9EAC-D6D714349B4F}.Debug|Any CPU.Build.0 = Debug|Any CPU
		{593DA122-40F4-470A-9EAC-D6D714349B4F}.Release|Any CPU.ActiveCfg = Release|Any CPU
		{593DA122-40F4-470A-9EAC-D6D714349B4F}.Release|Any CPU.Build.0 = Release|Any CPU
	EndGlobalSection
	GlobalSection(SolutionProperties) = preSolution
		HideSolutionNode = FALSE
	EndGlobalSection
	GlobalSection(ExtensibilityGlobals) = postSolution
		SolutionGuid = {C74CE24B-6595-4FB9-A817-C99911A49F47}
	EndGlobalSection
EndGlobal
